
Microsoft Visual Studio Solution File, Format Version 12.00
# Visual Studio Version 17
VisualStudioVersion = 17.11.35208.52
MinimumVisualStudioVersion = 10.0.40219.1
Project("{FAE04EC0-301F-11D3-BF4B-00C04F79EFBC}") = "RetosProgramacionC#", "RetosProgramacionC#\RetosProgramacionC#.csproj", "{7BF46137-150E-4D4C-BA55-151B09A76AF5}"
EndProject
Global
	GlobalSection(SolutionConfigurationPlatforms) = preSolution
		Debug|Any CPU = Debug|Any CPU
		Release|Any CPU = Release|Any CPU
	EndGlobalSection
	GlobalSection(ProjectConfigurationPlatforms) = postSolution
		{7BF46137-150E-4D4C-BA55-151B09A76AF5}.Debug|Any CPU.ActiveCfg = Debug|Any CPU
		{7BF46137-150E-4D4C-BA55-151B09A76AF5}.Debug|Any CPU.Build.0 = Debug|Any CPU
		{7BF46137-150E-4D4C-BA55-151B09A76AF5}.Release|Any CPU.ActiveCfg = Release|Any CPU
		{7BF46137-150E-4D4C-BA55-151B09A76AF5}.Release|Any CPU.Build.0 = Release|Any CPU
	EndGlobalSection
	GlobalSection(SolutionProperties) = preSolution
		HideSolutionNode = FALSE
	EndGlobalSection
	GlobalSection(ExtensibilityGlobals) = postSolution
		SolutionGuid = {048D251E-C166-42F7-A23E-5FAB8103D374}
	EndGlobalSection
EndGlobal
