
Microsoft Visual Studio Solution File, Format Version 12.00
# Visual Studio Version 17
VisualStudioVersion = 17.11.35219.272
MinimumVisualStudioVersion = 10.0.40219.1
Project("{FAE04EC0-301F-11D3-BF4B-00C04F79EFBC}") = "EscalaManual", "EscalaManual\EscalaManual.csproj", "{59AD1B55-A375-49D9-A1A5-D455A9CDABD3}"
EndProject
Global
	GlobalSection(SolutionConfigurationPlatforms) = preSolution
		Debug|Any CPU = Debug|Any CPU
		Release|Any CPU = Release|Any CPU
	EndGlobalSection
	GlobalSection(ProjectConfigurationPlatforms) = postSolution
		{59AD1B55-A375-49D9-A1A5-D455A9CDABD3}.Debug|Any CPU.ActiveCfg = Debug|Any CPU
		{59AD1B55-A375-49D9-A1A5-D455A9CDABD3}.Debug|Any CPU.Build.0 = Debug|Any CPU
		{59AD1B55-A375-49D9-A1A5-D455A9CDABD3}.Release|Any CPU.ActiveCfg = Release|Any CPU
		{59AD1B55-A375-49D9-A1A5-D455A9CDABD3}.Release|Any CPU.Build.0 = Release|Any CPU
	EndGlobalSection
	GlobalSection(SolutionProperties) = preSolution
		HideSolutionNode = FALSE
	EndGlobalSection
	GlobalSection(ExtensibilityGlobals) = postSolution
		SolutionGuid = {301533EC-8DC4-44E6-8CB9-02D04864B1A3}
	EndGlobalSection
EndGlobal
