
Microsoft Visual Studio Solution File, Format Version 12.00
# Visual Studio Version 17
VisualStudioVersion = 17.11.35208.52
MinimumVisualStudioVersion = 10.0.40219.1
Project("{FAE04EC0-301F-11D3-BF4B-00C04F79EFBC}") = "InvertirCadena", "InvertirCadena\InvertirCadena.csproj", "{CED7D289-44E8-4AB9-B4EF-CB58CD783662}"
EndProject
Global
	GlobalSection(SolutionConfigurationPlatforms) = preSolution
		Debug|Any CPU = Debug|Any CPU
		Release|Any CPU = Release|Any CPU
	EndGlobalSection
	GlobalSection(ProjectConfigurationPlatforms) = postSolution
		{CED7D289-44E8-4AB9-B4EF-CB58CD783662}.Debug|Any CPU.ActiveCfg = Debug|Any CPU
		{CED7D289-44E8-4AB9-B4EF-CB58CD783662}.Debug|Any CPU.Build.0 = Debug|Any CPU
		{CED7D289-44E8-4AB9-B4EF-CB58CD783662}.Release|Any CPU.ActiveCfg = Release|Any CPU
		{CED7D289-44E8-4AB9-B4EF-CB58CD783662}.Release|Any CPU.Build.0 = Release|Any CPU
	EndGlobalSection
	GlobalSection(SolutionProperties) = preSolution
		HideSolutionNode = FALSE
	EndGlobalSection
	GlobalSection(ExtensibilityGlobals) = postSolution
		SolutionGuid = {CC1F3015-5EF2-4BAB-8FEF-366EC5713CD2}
	EndGlobalSection
EndGlobal
